NeoBundleLock dein.vim a825907ccc9d8be149bd6b2ea4fde014fbd6ca27
NeoBundleLock emmet-vim 30f856893579d34531ac256e1f6752d809956025
NeoBundleLock neobundle.vim c6fa48cd665071b7a4dbf5ab53f48cd5884716ee
NeoBundleLock neocomplete-php.vim 68c3b3a6439c6c5cc0640260dde52eef197dd2f3
NeoBundleLock neocomplete.vim 876f88ee9d1b49f3b5826f2d386cdd8a095a977a
NeoBundleLock neoinclude.vim 1906954bc29dd9a9757cc5f8e7eff3780d38cbad
NeoBundleLock neosnippet 02176938f751e20a3a794e836aaba14e11eba34e
NeoBundleLock neosnippet-snippets 0dd4b86088c9162492411d4ec40a64fe369c4396
NeoBundleLock neosnippet.vim 13c51ee885216619ab2dcd1a2c3790b83f85f27c
NeoBundleLock open-browser-github.vim eab2fa43a7c497adab6221c2b5c6b642f7953a19
NeoBundleLock open-browser.vim e2bfabfc758351ee3087d4c697d1953660d943ee
NeoBundleLock previm b5dba0837b464063284a8a97e7b9e5e378db545c
NeoBundleLock shabadou.vim 7d4bfed1ea8985ae125df3d1403cc19e252443e1
NeoBundleLock syntastic b03f26d049c31c9ae341a94f4f3c680fecd9eda5
NeoBundleLock tabular 60f25648814f0695eeb6c1040d97adca93c4e0bb
NeoBundleLock taglist.vim 53041fbc45398a9af631a20657e109707a455339
NeoBundleLock unite.vim dfdff3df30d5c09fe406956076eca31da47fa3a1
NeoBundleLock vim-go 8575d9e3c9e23508f9b7d0c3992cb683b1e47ae6
NeoBundleLock vim-markdown a3169545f330ec8080244c3ad755bb2211eca8a0
NeoBundleLock vim-markdown-quote-syntax e1b6684906570e04a6862d7938c3bd841170f822
NeoBundleLock vim-pug ddc5592f8c36bf4bd915c16b38b8c76292c2b975
NeoBundleLock vim-qfstatusline e7918ad9a12a5ed35505e6bef4a90f84e30adbb1
NeoBundleLock vim-quickrun 95da1f83c4a1988a3808492e2b2e169ed408d3e2
NeoBundleLock vim-ref 70741519b70a67623d1e5d56d50764491b7582ea
NeoBundleLock vim-surround 772ab9587b7d1e2c3bae75395c9123803059ba8a
NeoBundleLock vim-vue 27dc461cb43a481979a977a20ca14e154c3577c4
NeoBundleLock vim-watchdogs 455a61a34e6f2f82fda7e6de0fc14fc740a11764
NeoBundleLock vimfiler 70b24304e0bc46cfb2888997c08399732cf23d14
NeoBundleLock vimproc 6b8b3c724e161f39c0938046a2072f9668fc802b
NeoBundleLock vimshell adb2a0d95e9b0009d152c35c930eb04875562d87
