NeoBundleLock emmet-vim 30f856893579d34531ac256e1f6752d809956025
NeoBundleLock neobundle.vim ed123adb1dd31358f1ed35e852fb219c5214cf7c
NeoBundleLock tabular 60f25648814f0695eeb6c1040d97adca93c4e0bb
NeoBundleLock unite.vim dfdff3df30d5c09fe406956076eca31da47fa3a1
NeoBundleLock vim-markdown 81e1f07a8482b34ea8c59f6800e7e8dec7bf56b9
NeoBundleLock vim-markdown-quote-syntax e1b6684906570e04a6862d7938c3bd841170f822
NeoBundleLock vimfiler 70b24304e0bc46cfb2888997c08399732cf23d14
NeoBundleLock vimproc 6b8b3c724e161f39c0938046a2072f9668fc802b
