NeoBundleLock emmet-vim 30f856893579d34531ac256e1f6752d809956025
NeoBundleLock neobundle.vim 2f94664b624bc29a40fae51d38b5e922a55b85db
NeoBundleLock neocomplete-php.vim 68c3b3a6439c6c5cc0640260dde52eef197dd2f3
NeoBundleLock tabular 60f25648814f0695eeb6c1040d97adca93c4e0bb
NeoBundleLock unite.vim dfdff3df30d5c09fe406956076eca31da47fa3a1
NeoBundleLock vim-markdown fae9943e5a4dcc2cb6b393fab0dfdb2ddf89af3d
NeoBundleLock vim-markdown-quote-syntax e1b6684906570e04a6862d7938c3bd841170f822
NeoBundleLock vim-ref 70741519b70a67623d1e5d56d50764491b7582ea
NeoBundleLock vim-surround 772ab9587b7d1e2c3bae75395c9123803059ba8a
NeoBundleLock vimfiler 70b24304e0bc46cfb2888997c08399732cf23d14
NeoBundleLock vimproc 6b8b3c724e161f39c0938046a2072f9668fc802b
