NeoBundleLock ale 5c51e631eebc7f57be19e8ecacaaf8fdb9cf73ef
NeoBundleLock dein.vim 5c51e631eebc7f57be19e8ecacaaf8fdb9cf73ef
NeoBundleLock emmet-vim 5c51e631eebc7f57be19e8ecacaaf8fdb9cf73ef
NeoBundleLock neobundle.vim 5c51e631eebc7f57be19e8ecacaaf8fdb9cf73ef
NeoBundleLock neocomplete-php.vim 5c51e631eebc7f57be19e8ecacaaf8fdb9cf73ef
NeoBundleLock neocomplete.vim 5c51e631eebc7f57be19e8ecacaaf8fdb9cf73ef
NeoBundleLock neoinclude.vim 5c51e631eebc7f57be19e8ecacaaf8fdb9cf73ef
NeoBundleLock neosnippet 5c51e631eebc7f57be19e8ecacaaf8fdb9cf73ef
NeoBundleLock neosnippet-snippets 5c51e631eebc7f57be19e8ecacaaf8fdb9cf73ef
NeoBundleLock neosnippet.vim 5c51e631eebc7f57be19e8ecacaaf8fdb9cf73ef
NeoBundleLock open-browser-github.vim 5c51e631eebc7f57be19e8ecacaaf8fdb9cf73ef
NeoBundleLock open-browser.vim 5c51e631eebc7f57be19e8ecacaaf8fdb9cf73ef
NeoBundleLock previm 5c51e631eebc7f57be19e8ecacaaf8fdb9cf73ef
NeoBundleLock shabadou.vim 5c51e631eebc7f57be19e8ecacaaf8fdb9cf73ef
NeoBundleLock tabular 5c51e631eebc7f57be19e8ecacaaf8fdb9cf73ef
NeoBundleLock taglist.vim 5c51e631eebc7f57be19e8ecacaaf8fdb9cf73ef
NeoBundleLock unite.vim 5c51e631eebc7f57be19e8ecacaaf8fdb9cf73ef
NeoBundleLock vim-colors-solarized 5c51e631eebc7f57be19e8ecacaaf8fdb9cf73ef
NeoBundleLock vim-endwise 5c51e631eebc7f57be19e8ecacaaf8fdb9cf73ef
NeoBundleLock vim-go 5c51e631eebc7f57be19e8ecacaaf8fdb9cf73ef
NeoBundleLock vim-javascript 5c51e631eebc7f57be19e8ecacaaf8fdb9cf73ef
NeoBundleLock vim-markdown 5c51e631eebc7f57be19e8ecacaaf8fdb9cf73ef
NeoBundleLock vim-markdown-quote-syntax 5c51e631eebc7f57be19e8ecacaaf8fdb9cf73ef
NeoBundleLock vim-pug 5c51e631eebc7f57be19e8ecacaaf8fdb9cf73ef
NeoBundleLock vim-qfstatusline 5c51e631eebc7f57be19e8ecacaaf8fdb9cf73ef
NeoBundleLock vim-quickrun 5c51e631eebc7f57be19e8ecacaaf8fdb9cf73ef
NeoBundleLock vim-ref 5c51e631eebc7f57be19e8ecacaaf8fdb9cf73ef
NeoBundleLock vim-slim df26386b46b455f0c837c3ba30d1771204f209ca
NeoBundleLock vim-surround 5c51e631eebc7f57be19e8ecacaaf8fdb9cf73ef
NeoBundleLock vim-vue 5c51e631eebc7f57be19e8ecacaaf8fdb9cf73ef
NeoBundleLock vim-watchdogs 5c51e631eebc7f57be19e8ecacaaf8fdb9cf73ef
NeoBundleLock vimfiler 5c51e631eebc7f57be19e8ecacaaf8fdb9cf73ef
NeoBundleLock vimproc 5c51e631eebc7f57be19e8ecacaaf8fdb9cf73ef
NeoBundleLock vimshell 5c51e631eebc7f57be19e8ecacaaf8fdb9cf73ef
