NeoBundleLock ale 82dd80c692bed7d9bdf0b9664b9222f4afb98fe2
NeoBundleLock dein.vim b0ee7752d84a4d9907f144929e4097ef113651db
NeoBundleLock emmet-vim b0ee7752d84a4d9907f144929e4097ef113651db
NeoBundleLock neobundle.vim b0ee7752d84a4d9907f144929e4097ef113651db
NeoBundleLock neocomplete-php.vim b0ee7752d84a4d9907f144929e4097ef113651db
NeoBundleLock neocomplete.vim b0ee7752d84a4d9907f144929e4097ef113651db
NeoBundleLock neoinclude.vim b0ee7752d84a4d9907f144929e4097ef113651db
NeoBundleLock neosnippet b0ee7752d84a4d9907f144929e4097ef113651db
NeoBundleLock neosnippet-snippets b0ee7752d84a4d9907f144929e4097ef113651db
NeoBundleLock neosnippet.vim b0ee7752d84a4d9907f144929e4097ef113651db
NeoBundleLock open-browser-github.vim b0ee7752d84a4d9907f144929e4097ef113651db
NeoBundleLock open-browser.vim b0ee7752d84a4d9907f144929e4097ef113651db
NeoBundleLock previm b0ee7752d84a4d9907f144929e4097ef113651db
NeoBundleLock shabadou.vim b0ee7752d84a4d9907f144929e4097ef113651db
NeoBundleLock tabular b0ee7752d84a4d9907f144929e4097ef113651db
NeoBundleLock taglist.vim b0ee7752d84a4d9907f144929e4097ef113651db
NeoBundleLock typescript-vim 04e0d821663365909fecaf1523b9b80b1f539bf8
NeoBundleLock unite.vim b0ee7752d84a4d9907f144929e4097ef113651db
NeoBundleLock vim-colors-solarized b0ee7752d84a4d9907f144929e4097ef113651db
NeoBundleLock vim-endwise d5655263af8b3611a2bcb907a9963831a88d154b
NeoBundleLock vim-go b0ee7752d84a4d9907f144929e4097ef113651db
NeoBundleLock vim-hashicorp-tools 4b46d8e4eaeaafe14dbc2d4480419337119c1d76
NeoBundleLock vim-javascript 603ec715630660d18ff5c83a6d4120e15a84b078
NeoBundleLock vim-markdown b0ee7752d84a4d9907f144929e4097ef113651db
NeoBundleLock vim-markdown-quote-syntax b0ee7752d84a4d9907f144929e4097ef113651db
NeoBundleLock vim-pug b0ee7752d84a4d9907f144929e4097ef113651db
NeoBundleLock vim-qfstatusline b0ee7752d84a4d9907f144929e4097ef113651db
NeoBundleLock vim-quickrun b0ee7752d84a4d9907f144929e4097ef113651db
NeoBundleLock vim-ref b0ee7752d84a4d9907f144929e4097ef113651db
NeoBundleLock vim-slim b0ee7752d84a4d9907f144929e4097ef113651db
NeoBundleLock vim-surround b0ee7752d84a4d9907f144929e4097ef113651db
NeoBundleLock vim-vue b0ee7752d84a4d9907f144929e4097ef113651db
NeoBundleLock vim-watchdogs b0ee7752d84a4d9907f144929e4097ef113651db
NeoBundleLock vimfiler b0ee7752d84a4d9907f144929e4097ef113651db
NeoBundleLock vimproc b0ee7752d84a4d9907f144929e4097ef113651db
NeoBundleLock vimshell b0ee7752d84a4d9907f144929e4097ef113651db
