NeoBundleLock ale f7eb81f2bfb66643691dc426e98054e86454306c
NeoBundleLock dein.vim f7eb81f2bfb66643691dc426e98054e86454306c
NeoBundleLock emmet-vim f7eb81f2bfb66643691dc426e98054e86454306c
NeoBundleLock neobundle.vim f7eb81f2bfb66643691dc426e98054e86454306c
NeoBundleLock neocomplete-php.vim f7eb81f2bfb66643691dc426e98054e86454306c
NeoBundleLock neocomplete.vim f7eb81f2bfb66643691dc426e98054e86454306c
NeoBundleLock neoinclude.vim f7eb81f2bfb66643691dc426e98054e86454306c
NeoBundleLock neosnippet f7eb81f2bfb66643691dc426e98054e86454306c
NeoBundleLock neosnippet-snippets f7eb81f2bfb66643691dc426e98054e86454306c
NeoBundleLock neosnippet.vim f7eb81f2bfb66643691dc426e98054e86454306c
NeoBundleLock open-browser-github.vim f7eb81f2bfb66643691dc426e98054e86454306c
NeoBundleLock open-browser.vim f7eb81f2bfb66643691dc426e98054e86454306c
NeoBundleLock previm f7eb81f2bfb66643691dc426e98054e86454306c
NeoBundleLock shabadou.vim f7eb81f2bfb66643691dc426e98054e86454306c
NeoBundleLock tabular f7eb81f2bfb66643691dc426e98054e86454306c
NeoBundleLock taglist.vim f7eb81f2bfb66643691dc426e98054e86454306c
NeoBundleLock typescript-vim f7eb81f2bfb66643691dc426e98054e86454306c
NeoBundleLock unite.vim f7eb81f2bfb66643691dc426e98054e86454306c
NeoBundleLock vim-coffee-script 9e3b4de2a476caeb6ff21b5da20966d7c67a98bb
NeoBundleLock vim-colors-solarized f7eb81f2bfb66643691dc426e98054e86454306c
NeoBundleLock vim-endwise f7eb81f2bfb66643691dc426e98054e86454306c
NeoBundleLock vim-go f7eb81f2bfb66643691dc426e98054e86454306c
NeoBundleLock vim-hashicorp-tools f7eb81f2bfb66643691dc426e98054e86454306c
NeoBundleLock vim-javascript f7eb81f2bfb66643691dc426e98054e86454306c
NeoBundleLock vim-markdown f7eb81f2bfb66643691dc426e98054e86454306c
NeoBundleLock vim-markdown-quote-syntax f7eb81f2bfb66643691dc426e98054e86454306c
NeoBundleLock vim-pug f7eb81f2bfb66643691dc426e98054e86454306c
NeoBundleLock vim-qfstatusline f7eb81f2bfb66643691dc426e98054e86454306c
NeoBundleLock vim-quickrun f7eb81f2bfb66643691dc426e98054e86454306c
NeoBundleLock vim-ref f7eb81f2bfb66643691dc426e98054e86454306c
NeoBundleLock vim-slim f7eb81f2bfb66643691dc426e98054e86454306c
NeoBundleLock vim-surround f7eb81f2bfb66643691dc426e98054e86454306c
NeoBundleLock vim-vue f7eb81f2bfb66643691dc426e98054e86454306c
NeoBundleLock vim-watchdogs f7eb81f2bfb66643691dc426e98054e86454306c
NeoBundleLock vimfiler f7eb81f2bfb66643691dc426e98054e86454306c
NeoBundleLock vimproc f7eb81f2bfb66643691dc426e98054e86454306c
NeoBundleLock vimshell f7eb81f2bfb66643691dc426e98054e86454306c
